
Microsoft Visual Studio Solution File, Format Version 12.00
# Visual Studio Version 17
VisualStudioVersion = 17.3.32901.215
MinimumVisualStudioVersion = 10.0.40219.1
Project("{9A19103F-16F7-4668-BE54-9A1E7A4F7556}") = "SearchEngineConsole", "..\SearchEngineConsole\SearchEngineConsole.csproj", "{93454F1E-1B74-49C8-8C09-1FF3D8A0223F}"
EndProject
Project("{9A19103F-16F7-4668-BE54-9A1E7A4F7556}") = "SearchEngine.Core", "..\SearchEngine.Core\SearchEngine.Core.csproj", "{7A46780A-0DF9-460C-A8D0-D2A5D46DF6DB}"
EndProject
Global
	GlobalSection(SolutionConfigurationPlatforms) = preSolution
		Debug|Any CPU = Debug|Any CPU
		Release|Any CPU = Release|Any CPU
	EndGlobalSection
	GlobalSection(ProjectConfigurationPlatforms) = postSolution
		{93454F1E-1B74-49C8-8C09-1FF3D8A0223F}.Debug|Any CPU.ActiveCfg = Debug|Any CPU
		{93454F1E-1B74-49C8-8C09-1FF3D8A0223F}.Debug|Any CPU.Build.0 = Debug|Any CPU
		{93454F1E-1B74-49C8-8C09-1FF3D8A0223F}.Release|Any CPU.ActiveCfg = Release|Any CPU
		{93454F1E-1B74-49C8-8C09-1FF3D8A0223F}.Release|Any CPU.Build.0 = Release|Any CPU
		{7A46780A-0DF9-460C-A8D0-D2A5D46DF6DB}.Debug|Any CPU.ActiveCfg = Debug|Any CPU
		{7A46780A-0DF9-460C-A8D0-D2A5D46DF6DB}.Debug|Any CPU.Build.0 = Debug|Any CPU
		{7A46780A-0DF9-460C-A8D0-D2A5D46DF6DB}.Release|Any CPU.ActiveCfg = Release|Any CPU
		{7A46780A-0DF9-460C-A8D0-D2A5D46DF6DB}.Release|Any CPU.Build.0 = Release|Any CPU
	EndGlobalSection
	GlobalSection(SolutionProperties) = preSolution
		HideSolutionNode = FALSE
	EndGlobalSection
	GlobalSection(ExtensibilityGlobals) = postSolution
		SolutionGuid = {4A60C98E-4806-407E-A7A4-520F192956BA}
	EndGlobalSection
EndGlobal
